// !$*UTF8*$!
{
	archiveVersion = 1;
	classes = {
	};
	objectVersion = 50;
	objects = {

/* Begin PBXBuildFile section */
		1B1966E8257FA7CE00478257 /* ParameterEncoding.swift in Sources */ = {isa = PBXBuildFile; fileRef = 1B1966E7257FA7CE00478257 /* ParameterEncoding.swift */; };
		1B1966EC257FA7F600478257 /* URLParameterEncoder.swift in Sources */ = {isa = PBXBuildFile; fileRef = 1B1966EB257FA7F600478257 /* URLParameterEncoder.swift */; };
		1B1966EF257FA80900478257 /* JSONParameterEncoder.swift in Sources */ = {isa = PBXBuildFile; fileRef = 1B1966EE257FA80900478257 /* JSONParameterEncoder.swift */; };
		1B1966F2257FA82800478257 /* NetworkLogger.swift in Sources */ = {isa = PBXBuildFile; fileRef = 1B1966F1257FA82800478257 /* NetworkLogger.swift */; };
		1B1966F6257FA85700478257 /* TVShowEndpoint.swift in Sources */ = {isa = PBXBuildFile; fileRef = 1B1966F5257FA85700478257 /* TVShowEndpoint.swift */; };
		1B1966FA257FA87E00478257 /* NetworkManager.swift in Sources */ = {isa = PBXBuildFile; fileRef = 1B1966F9257FA87E00478257 /* NetworkManager.swift */; };
		1B196702257FB02700478257 /* SearchEndpoint.swift in Sources */ = {isa = PBXBuildFile; fileRef = 1B196701257FB02700478257 /* SearchEndpoint.swift */; };
		1B196705257FB7C600478257 /* Router.swift in Sources */ = {isa = PBXBuildFile; fileRef = 1B196704257FB7C600478257 /* Router.swift */; };
		1B1F0F5E246722CA005831EC /* SectionHeader.swift in Sources */ = {isa = PBXBuildFile; fileRef = 1B1F0F5D246722CA005831EC /* SectionHeader.swift */; };
		1B862FE72462F07700C3694A /* PopularCell.swift in Sources */ = {isa = PBXBuildFile; fileRef = 1B862FE62462F07700C3694A /* PopularCell.swift */; };
		1B89C3BE243DFF3000131D37 /* TrendingController.swift in Sources */ = {isa = PBXBuildFile; fileRef = 1B89C3BD243DFF3000131D37 /* TrendingController.swift */; };
		1B8C97D22440C97500A14B12 /* SelfConfiguringCell.swift in Sources */ = {isa = PBXBuildFile; fileRef = 1B8C97D12440C97500A14B12 /* SelfConfiguringCell.swift */; };
		1B8C97D42440D1F400A14B12 /* UIImageView+DownloadedImage.swift in Sources */ = {isa = PBXBuildFile; fileRef = 1B8C97D32440D1F400A14B12 /* UIImageView+DownloadedImage.swift */; };
		1B91F7A02444E12D00A6F8B5 /* PopularController.swift in Sources */ = {isa = PBXBuildFile; fileRef = 1B91F79F2444E12D00A6F8B5 /* PopularController.swift */; };
		1B928D2224276F9000D48153 /* AppDelegate.swift in Sources */ = {isa = PBXBuildFile; fileRef = 1B928D2124276F9000D48153 /* AppDelegate.swift */; };
		1B928D2424276F9000D48153 /* SceneDelegate.swift in Sources */ = {isa = PBXBuildFile; fileRef = 1B928D2324276F9000D48153 /* SceneDelegate.swift */; };
		1B928D2624276F9000D48153 /* TrendingViewController.swift in Sources */ = {isa = PBXBuildFile; fileRef = 1B928D2524276F9000D48153 /* TrendingViewController.swift */; };
		1B928D2924276F9000D48153 /* Main.storyboard in Resources */ = {isa = PBXBuildFile; fileRef = 1B928D2724276F9000D48153 /* Main.storyboard */; };
		1B928D2B24276F9300D48153 /* Assets.xcassets in Resources */ = {isa = PBXBuildFile; fileRef = 1B928D2A24276F9300D48153 /* Assets.xcassets */; };
		1B928D2E24276F9300D48153 /* LaunchScreen.storyboard in Resources */ = {isa = PBXBuildFile; fileRef = 1B928D2C24276F9300D48153 /* LaunchScreen.storyboard */; };
		1B9339CE2541B13500FB0DD8 /* SearchResult.swift in Sources */ = {isa = PBXBuildFile; fileRef = 1B9339CD2541B13500FB0DD8 /* SearchResult.swift */; };
		1B9339D02541B13E00FB0DD8 /* Search.swift in Sources */ = {isa = PBXBuildFile; fileRef = 1B9339CF2541B13E00FB0DD8 /* Search.swift */; };
		1B9339D22541BDE200FB0DD8 /* SearchResultCell.xib in Resources */ = {isa = PBXBuildFile; fileRef = 1B9339D12541BDE200FB0DD8 /* SearchResultCell.xib */; };
		1B9339D42541DE4800FB0DD8 /* LoadingCell.xib in Resources */ = {isa = PBXBuildFile; fileRef = 1B9339D32541DE4800FB0DD8 /* LoadingCell.xib */; };
		1B9339D62541DE5400FB0DD8 /* NothingFoundCell.xib in Resources */ = {isa = PBXBuildFile; fileRef = 1B9339D52541DE5400FB0DD8 /* NothingFoundCell.xib */; };
		1B9339DA2541E0B400FB0DD8 /* SearchResultCell.swift in Sources */ = {isa = PBXBuildFile; fileRef = 1B9339D92541E0B400FB0DD8 /* SearchResultCell.swift */; };
		1B95DA5B246848B40017B9E8 /* ImageLoader.swift in Sources */ = {isa = PBXBuildFile; fileRef = 1B95DA5A246848B30017B9E8 /* ImageLoader.swift */; };
		1B95DFA5243B875700090281 /* TrendingCell.swift in Sources */ = {isa = PBXBuildFile; fileRef = 1B95DFA4243B875700090281 /* TrendingCell.swift */; };
		1B95DFA7243B8DD700090281 /* TVShowBundle.swift in Sources */ = {isa = PBXBuildFile; fileRef = 1B95DFA6243B8DD700090281 /* TVShowBundle.swift */; };
		1BA585C3247286D100CCBA69 /* SearchViewController.swift in Sources */ = {isa = PBXBuildFile; fileRef = 1BA585C2247286D100CCBA69 /* SearchViewController.swift */; };
		1BE279E2256951C9006444E8 /* EndPointType.swift in Sources */ = {isa = PBXBuildFile; fileRef = 1BE279E1256951C9006444E8 /* EndPointType.swift */; };
		1BE279EC256952E0006444E8 /* httpEnums.swift in Sources */ = {isa = PBXBuildFile; fileRef = 1BE279EB256952E0006444E8 /* httpEnums.swift */; };
		1BE726012538668A003419C5 /* DetailsViewController.swift in Sources */ = {isa = PBXBuildFile; fileRef = 1BE726002538668A003419C5 /* DetailsViewController.swift */; };
/* End PBXBuildFile section */

/* Begin PBXFileReference section */
		1B1966E7257FA7CE00478257 /* ParameterEncoding.swift */ = {isa = PBXFileReference; lastKnownFileType = sourcecode.swift; path = ParameterEncoding.swift; sourceTree = "<group>"; };
		1B1966EB257FA7F600478257 /* URLParameterEncoder.swift */ = {isa = PBXFileReference; lastKnownFileType = sourcecode.swift; path = URLParameterEncoder.swift; sourceTree = "<group>"; };
		1B1966EE257FA80900478257 /* JSONParameterEncoder.swift */ = {isa = PBXFileReference; lastKnownFileType = sourcecode.swift; path = JSONParameterEncoder.swift; sourceTree = "<group>"; };
		1B1966F1257FA82800478257 /* NetworkLogger.swift */ = {isa = PBXFileReference; lastKnownFileType = sourcecode.swift; path = NetworkLogger.swift; sourceTree = "<group>"; };
		1B1966F5257FA85700478257 /* TVShowEndpoint.swift */ = {isa = PBXFileReference; lastKnownFileType = sourcecode.swift; path = TVShowEndpoint.swift; sourceTree = "<group>"; };
		1B1966F9257FA87E00478257 /* NetworkManager.swift */ = {isa = PBXFileReference; lastKnownFileType = sourcecode.swift; path = NetworkManager.swift; sourceTree = "<group>"; };
		1B196701257FB02700478257 /* SearchEndpoint.swift */ = {isa = PBXFileReference; lastKnownFileType = sourcecode.swift; path = SearchEndpoint.swift; sourceTree = "<group>"; };
		1B196704257FB7C600478257 /* Router.swift */ = {isa = PBXFileReference; lastKnownFileType = sourcecode.swift; path = Router.swift; sourceTree = "<group>"; };
		1B1F0F5D246722CA005831EC /* SectionHeader.swift */ = {isa = PBXFileReference; lastKnownFileType = sourcecode.swift; path = SectionHeader.swift; sourceTree = "<group>"; };
		1B862FE62462F07700C3694A /* PopularCell.swift */ = {isa = PBXFileReference; lastKnownFileType = sourcecode.swift; path = PopularCell.swift; sourceTree = "<group>"; };
		1B89C3BD243DFF3000131D37 /* TrendingController.swift */ = {isa = PBXFileReference; lastKnownFileType = sourcecode.swift; path = TrendingController.swift; sourceTree = "<group>"; };
		1B8C97D12440C97500A14B12 /* SelfConfiguringCell.swift */ = {isa = PBXFileReference; lastKnownFileType = sourcecode.swift; path = SelfConfiguringCell.swift; sourceTree = "<group>"; };
		1B8C97D32440D1F400A14B12 /* UIImageView+DownloadedImage.swift */ = {isa = PBXFileReference; lastKnownFileType = sourcecode.swift; path = "UIImageView+DownloadedImage.swift"; sourceTree = "<group>"; };
		1B91F79F2444E12D00A6F8B5 /* PopularController.swift */ = {isa = PBXFileReference; lastKnownFileType = sourcecode.swift; path = PopularController.swift; sourceTree = "<group>"; };
		1B928D1E24276F8F00D48153 /* TVLibrary.app */ = {isa = PBXFileReference; explicitFileType = wrapper.application; includeInIndex = 0; path = TVLibrary.app; sourceTree = BUILT_PRODUCTS_DIR; };
		1B928D2124276F9000D48153 /* AppDelegate.swift */ = {isa = PBXFileReference; lastKnownFileType = sourcecode.swift; path = AppDelegate.swift; sourceTree = "<group>"; };
		1B928D2324276F9000D48153 /* SceneDelegate.swift */ = {isa = PBXFileReference; lastKnownFileType = sourcecode.swift; path = SceneDelegate.swift; sourceTree = "<group>"; };
		1B928D2524276F9000D48153 /* TrendingViewController.swift */ = {isa = PBXFileReference; lastKnownFileType = sourcecode.swift; path = TrendingViewController.swift; sourceTree = "<group>"; };
		1B928D2824276F9000D48153 /* Base */ = {isa = PBXFileReference; lastKnownFileType = file.storyboard; name = Base; path = Base.lproj/Main.storyboard; sourceTree = "<group>"; };
		1B928D2A24276F9300D48153 /* Assets.xcassets */ = {isa = PBXFileReference; lastKnownFileType = folder.assetcatalog; path = Assets.xcassets; sourceTree = "<group>"; };
		1B928D2D24276F9300D48153 /* Base */ = {isa = PBXFileReference; lastKnownFileType = file.storyboard; name = Base; path = Base.lproj/LaunchScreen.storyboard; sourceTree = "<group>"; };
		1B928D2F24276F9300D48153 /* Info.plist */ = {isa = PBXFileReference; lastKnownFileType = text.plist.xml; path = Info.plist; sourceTree = "<group>"; };
		1B9339CD2541B13500FB0DD8 /* SearchResult.swift */ = {isa = PBXFileReference; lastKnownFileType = sourcecode.swift; path = SearchResult.swift; sourceTree = "<group>"; };
		1B9339CF2541B13E00FB0DD8 /* Search.swift */ = {isa = PBXFileReference; lastKnownFileType = sourcecode.swift; path = Search.swift; sourceTree = "<group>"; };
		1B9339D12541BDE200FB0DD8 /* SearchResultCell.xib */ = {isa = PBXFileReference; lastKnownFileType = file.xib; path = SearchResultCell.xib; sourceTree = "<group>"; };
		1B9339D32541DE4800FB0DD8 /* LoadingCell.xib */ = {isa = PBXFileReference; lastKnownFileType = file.xib; path = LoadingCell.xib; sourceTree = "<group>"; };
		1B9339D52541DE5400FB0DD8 /* NothingFoundCell.xib */ = {isa = PBXFileReference; lastKnownFileType = file.xib; path = NothingFoundCell.xib; sourceTree = "<group>"; };
		1B9339D92541E0B400FB0DD8 /* SearchResultCell.swift */ = {isa = PBXFileReference; lastKnownFileType = sourcecode.swift; path = SearchResultCell.swift; sourceTree = "<group>"; };
		1B95DA5A246848B30017B9E8 /* ImageLoader.swift */ = {isa = PBXFileReference; lastKnownFileType = sourcecode.swift; path = ImageLoader.swift; sourceTree = "<group>"; };
		1B95DFA4243B875700090281 /* TrendingCell.swift */ = {isa = PBXFileReference; lastKnownFileType = sourcecode.swift; path = TrendingCell.swift; sourceTree = "<group>"; };
		1B95DFA6243B8DD700090281 /* TVShowBundle.swift */ = {isa = PBXFileReference; lastKnownFileType = sourcecode.swift; path = TVShowBundle.swift; sourceTree = "<group>"; };
		1BA585C2247286D100CCBA69 /* SearchViewController.swift */ = {isa = PBXFileReference; lastKnownFileType = sourcecode.swift; path = SearchViewController.swift; sourceTree = "<group>"; };
		1BE279E1256951C9006444E8 /* EndPointType.swift */ = {isa = PBXFileReference; lastKnownFileType = sourcecode.swift; path = EndPointType.swift; sourceTree = "<group>"; };
		1BE279EB256952E0006444E8 /* httpEnums.swift */ = {isa = PBXFileReference; lastKnownFileType = sourcecode.swift; path = httpEnums.swift; sourceTree = "<group>"; };
		1BE726002538668A003419C5 /* DetailsViewController.swift */ = {isa = PBXFileReference; lastKnownFileType = sourcecode.swift; path = DetailsViewController.swift; sourceTree = "<group>"; };
/* End PBXFileReference section */

/* Begin PBXFrameworksBuildPhase section */
		1B928D1B24276F8F00D48153 /* Frameworks */ = {
			isa = PBXFrameworksBuildPhase;
			buildActionMask = 2147483647;
			files = (
			);
			runOnlyForDeploymentPostprocessing = 0;
		};
/* End PBXFrameworksBuildPhase section */

/* Begin PBXGroup section */
		1B1966EA257FA7D900478257 /* Encoding */ = {
			isa = PBXGroup;
			children = (
				1B1966E7257FA7CE00478257 /* ParameterEncoding.swift */,
				1B1966EB257FA7F600478257 /* URLParameterEncoder.swift */,
				1B1966EE257FA80900478257 /* JSONParameterEncoder.swift */,
			);
			path = Encoding;
			sourceTree = "<group>";
		};
		1B1966F8257FA85D00478257 /* Endpoint */ = {
			isa = PBXGroup;
			children = (
				1B1966F5257FA85700478257 /* TVShowEndpoint.swift */,
				1B196701257FB02700478257 /* SearchEndpoint.swift */,
			);
			path = Endpoint;
			sourceTree = "<group>";
		};
		1B1966FC257FA88500478257 /* Manager */ = {
			isa = PBXGroup;
			children = (
				1B1966F9257FA87E00478257 /* NetworkManager.swift */,
			);
			path = Manager;
			sourceTree = "<group>";
		};
		1B7D791E2567F7E300C41951 /* Networking */ = {
			isa = PBXGroup;
			children = (
				1B95DA5A246848B30017B9E8 /* ImageLoader.swift */,
				1B8C97D32440D1F400A14B12 /* UIImageView+DownloadedImage.swift */,
				1BE279E4256951CE006444E8 /* Service */,
				1B1966EA257FA7D900478257 /* Encoding */,
				1B1966F8257FA85D00478257 /* Endpoint */,
				1B1966FC257FA88500478257 /* Manager */,
			);
			path = Networking;
			sourceTree = "<group>";
		};
		1B7D79212567F84F00C41951 /* Models */ = {
			isa = PBXGroup;
			children = (
				1B9339CD2541B13500FB0DD8 /* SearchResult.swift */,
				1B95DFA6243B8DD700090281 /* TVShowBundle.swift */,
			);
			path = Models;
			sourceTree = "<group>";
		};
		1B7D79242567F87900C41951 /* Storyboards */ = {
			isa = PBXGroup;
			children = (
				1B928D2724276F9000D48153 /* Main.storyboard */,
				1B928D2C24276F9300D48153 /* LaunchScreen.storyboard */,
			);
			path = Storyboards;
			sourceTree = "<group>";
		};
		1B7D79252567F88500C41951 /* Controllers */ = {
			isa = PBXGroup;
			children = (
				1B89C3BD243DFF3000131D37 /* TrendingController.swift */,
				1B91F79F2444E12D00A6F8B5 /* PopularController.swift */,
			);
			path = Controllers;
			sourceTree = "<group>";
		};
		1B928D1524276F8F00D48153 = {
			isa = PBXGroup;
			children = (
				1B928D2024276F9000D48153 /* TVLibrary */,
				1B928D1F24276F8F00D48153 /* Products */,
			);
			sourceTree = "<group>";
		};
		1B928D1F24276F8F00D48153 /* Products */ = {
			isa = PBXGroup;
			children = (
				1B928D1E24276F8F00D48153 /* TVLibrary.app */,
			);
			name = Products;
			sourceTree = "<group>";
		};
		1B928D2024276F9000D48153 /* TVLibrary */ = {
			isa = PBXGroup;
			children = (
				1B9339D72541DE7600FB0DD8 /* ViewControllers */,
				1B7D79252567F88500C41951 /* Controllers */,
				1B7D791E2567F7E300C41951 /* Networking */,
				1B9339D82541DEA200FB0DD8 /* Views */,
				1B7D79212567F84F00C41951 /* Models */,
				1B9339CF2541B13E00FB0DD8 /* Search.swift */,
				1B928D2A24276F9300D48153 /* Assets.xcassets */,
				1B7D79242567F87900C41951 /* Storyboards */,
				1B928D2124276F9000D48153 /* AppDelegate.swift */,
				1B928D2324276F9000D48153 /* SceneDelegate.swift */,
				1B928D2F24276F9300D48153 /* Info.plist */,
			);
			path = TVLibrary;
			sourceTree = "<group>";
		};
		1B9339D72541DE7600FB0DD8 /* ViewControllers */ = {
			isa = PBXGroup;
			children = (
				1B928D2524276F9000D48153 /* TrendingViewController.swift */,
				1BE726002538668A003419C5 /* DetailsViewController.swift */,
				1BA585C2247286D100CCBA69 /* SearchViewController.swift */,
			);
			path = ViewControllers;
			sourceTree = "<group>";
		};
		1B9339D82541DEA200FB0DD8 /* Views */ = {
			isa = PBXGroup;
			children = (
				1B1F0F5D246722CA005831EC /* SectionHeader.swift */,
				1B8C97D12440C97500A14B12 /* SelfConfiguringCell.swift */,
				1B9339D92541E0B400FB0DD8 /* SearchResultCell.swift */,
				1B95DFA4243B875700090281 /* TrendingCell.swift */,
				1B862FE62462F07700C3694A /* PopularCell.swift */,
				1B9339D12541BDE200FB0DD8 /* SearchResultCell.xib */,
				1B9339D32541DE4800FB0DD8 /* LoadingCell.xib */,
				1B9339D52541DE5400FB0DD8 /* NothingFoundCell.xib */,
			);
			path = Views;
			sourceTree = "<group>";
		};
		1BE279E4256951CE006444E8 /* Service */ = {
			isa = PBXGroup;
			children = (
				1BE279E1256951C9006444E8 /* EndPointType.swift */,
				1BE279EB256952E0006444E8 /* httpEnums.swift */,
				1B1966F1257FA82800478257 /* NetworkLogger.swift */,
				1B196704257FB7C600478257 /* Router.swift */,
			);
			path = Service;
			sourceTree = "<group>";
		};
/* End PBXGroup section */

/* Begin PBXNativeTarget section */
		1B928D1D24276F8F00D48153 /* TVLibrary */ = {
			isa = PBXNativeTarget;
			buildConfigurationList = 1B928D3224276F9300D48153 /* Build configuration list for PBXNativeTarget "TVLibrary" */;
			buildPhases = (
				1B928D1A24276F8F00D48153 /* Sources */,
				1B928D1B24276F8F00D48153 /* Frameworks */,
				1B928D1C24276F8F00D48153 /* Resources */,
			);
			buildRules = (
			);
			dependencies = (
			);
			name = TVLibrary;
			productName = TVLibrary;
			productReference = 1B928D1E24276F8F00D48153 /* TVLibrary.app */;
			productType = "com.apple.product-type.application";
		};
/* End PBXNativeTarget section */

/* Begin PBXProject section */
		1B928D1624276F8F00D48153 /* Project object */ = {
			isa = PBXProject;
			attributes = {
				LastSwiftUpdateCheck = 1140;
				LastUpgradeCheck = 1220;
				ORGANIZATIONNAME = "Karol Harasim";
				TargetAttributes = {
					1B928D1D24276F8F00D48153 = {
						CreatedOnToolsVersion = 11.4;
					};
				};
			};
			buildConfigurationList = 1B928D1924276F8F00D48153 /* Build configuration list for PBXProject "TVLibrary" */;
			compatibilityVersion = "Xcode 9.3";
			developmentRegion = en;
			hasScannedForEncodings = 0;
			knownRegions = (
				en,
				Base,
			);
			mainGroup = 1B928D1524276F8F00D48153;
			productRefGroup = 1B928D1F24276F8F00D48153 /* Products */;
			projectDirPath = "";
			projectRoot = "";
			targets = (
				1B928D1D24276F8F00D48153 /* TVLibrary */,
			);
		};
/* End PBXProject section */

/* Begin PBXResourcesBuildPhase section */
		1B928D1C24276F8F00D48153 /* Resources */ = {
			isa = PBXResourcesBuildPhase;
			buildActionMask = 2147483647;
			files = (
				1B9339D62541DE5400FB0DD8 /* NothingFoundCell.xib in Resources */,
				1B9339D22541BDE200FB0DD8 /* SearchResultCell.xib in Resources */,
				1B9339D42541DE4800FB0DD8 /* LoadingCell.xib in Resources */,
				1B928D2E24276F9300D48153 /* LaunchScreen.storyboard in Resources */,
				1B928D2B24276F9300D48153 /* Assets.xcassets in Resources */,
				1B928D2924276F9000D48153 /* Main.storyboard in Resources */,
			);
			runOnlyForDeploymentPostprocessing = 0;
		};
/* End PBXResourcesBuildPhase section */

/* Begin PBXSourcesBuildPhase section */
		1B928D1A24276F8F00D48153 /* Sources */ = {
			isa = PBXSourcesBuildPhase;
			buildActionMask = 2147483647;
			files = (
				1B196702257FB02700478257 /* SearchEndpoint.swift in Sources */,
				1B1966F2257FA82800478257 /* NetworkLogger.swift in Sources */,
				1B1966E8257FA7CE00478257 /* ParameterEncoding.swift in Sources */,
				1B8C97D22440C97500A14B12 /* SelfConfiguringCell.swift in Sources */,
				1B196705257FB7C600478257 /* Router.swift in Sources */,
				1B95DFA5243B875700090281 /* TrendingCell.swift in Sources */,
				1B95DA5B246848B40017B9E8 /* ImageLoader.swift in Sources */,
				1B91F7A02444E12D00A6F8B5 /* PopularController.swift in Sources */,
				1B862FE72462F07700C3694A /* PopularCell.swift in Sources */,
				1BE279EC256952E0006444E8 /* httpEnums.swift in Sources */,
				1B928D2624276F9000D48153 /* TrendingViewController.swift in Sources */,
				1B9339DA2541E0B400FB0DD8 /* SearchResultCell.swift in Sources */,
				1B928D2224276F9000D48153 /* AppDelegate.swift in Sources */,
				1B9339CE2541B13500FB0DD8 /* SearchResult.swift in Sources */,
				1B1966EC257FA7F600478257 /* URLParameterEncoder.swift in Sources */,
				1B95DFA7243B8DD700090281 /* TVShowBundle.swift in Sources */,
				1BE726012538668A003419C5 /* DetailsViewController.swift in Sources */,
				1BA585C3247286D100CCBA69 /* SearchViewController.swift in Sources */,
				1BE279E2256951C9006444E8 /* EndPointType.swift in Sources */,
				1B8C97D42440D1F400A14B12 /* UIImageView+DownloadedImage.swift in Sources */,
				1B1F0F5E246722CA005831EC /* SectionHeader.swift in Sources */,
				1B1966F6257FA85700478257 /* TVShowEndpoint.swift in Sources */,
				1B1966EF257FA80900478257 /* JSONParameterEncoder.swift in Sources */,
				1B9339D02541B13E00FB0DD8 /* Search.swift in Sources */,
				1B1966FA257FA87E00478257 /* NetworkManager.swift in Sources */,
				1B89C3BE243DFF3000131D37 /* TrendingController.swift in Sources */,
				1B928D2424276F9000D48153 /* SceneDelegate.swift in Sources */,
			);
			runOnlyForDeploymentPostprocessing = 0;
		};
/* End PBXSourcesBuildPhase section */

/* Begin PBXVariantGroup section */
		1B928D2724276F9000D48153 /* Main.storyboard */ = {
			isa = PBXVariantGroup;
			children = (
				1B928D2824276F9000D48153 /* Base */,
			);
			name = Main.storyboard;
			sourceTree = "<group>";
		};
		1B928D2C24276F9300D48153 /* LaunchScreen.storyboard */ = {
			isa = PBXVariantGroup;
			children = (
				1B928D2D24276F9300D48153 /* Base */,
			);
			name = LaunchScreen.storyboard;
			sourceTree = "<group>";
		};
/* End PBXVariantGroup section */

/* Begin XCBuildConfiguration section */
		1B928D3024276F9300D48153 /* Debug */ = {
			isa = XCBuildConfiguration;
			buildSettings = {
				ALWAYS_SEARCH_USER_PATHS = NO;
				CLANG_ANALYZER_NONNULL = YES;
				CLANG_ANALYZER_NUMBER_OBJECT_CONVERSION = YES_AGGRESSIVE;
				CLANG_CXX_LANGUAGE_STANDARD = "gnu++14";
				CLANG_CXX_LIBRARY = "libc++";
				CLANG_ENABLE_MODULES = YES;
				CLANG_ENABLE_OBJC_ARC = YES;
				CLANG_ENABLE_OBJC_WEAK = YES;
				CLANG_WARN_BLOCK_CAPTURE_AUTORELEASING = YES;
				CLANG_WARN_BOOL_CONVERSION = YES;
				CLANG_WARN_COMMA = YES;
				CLANG_WARN_CONSTANT_CONVERSION = YES;
				CLANG_WARN_DEPRECATED_OBJC_IMPLEMENTATIONS = YES;
				CLANG_WARN_DIRECT_OBJC_ISA_USAGE = YES_ERROR;
				CLANG_WARN_DOCUMENTATION_COMMENTS = YES;
				CLANG_WARN_EMPTY_BODY = YES;
				CLANG_WARN_ENUM_CONVERSION = YES;
				CLANG_WARN_INFINITE_RECURSION = YES;
				CLANG_WARN_INT_CONVERSION = YES;
				CLANG_WARN_NON_LITERAL_NULL_CONVERSION = YES;
				CLANG_WARN_OBJC_IMPLICIT_RETAIN_SELF = YES;
				CLANG_WARN_OBJC_LITERAL_CONVERSION = YES;
				CLANG_WARN_OBJC_ROOT_CLASS = YES_ERROR;
				CLANG_WARN_QUOTED_INCLUDE_IN_FRAMEWORK_HEADER = YES;
				CLANG_WARN_RANGE_LOOP_ANALYSIS = YES;
				CLANG_WARN_STRICT_PROTOTYPES = YES;
				CLANG_WARN_SUSPICIOUS_MOVE = YES;
				CLANG_WARN_UNGUARDED_AVAILABILITY = YES_AGGRESSIVE;
				CLANG_WARN_UNREACHABLE_CODE = YES;
				CLANG_WARN__DUPLICATE_METHOD_MATCH = YES;
				COPY_PHASE_STRIP = NO;
				DEBUG_INFORMATION_FORMAT = dwarf;
				ENABLE_STRICT_OBJC_MSGSEND = YES;
				ENABLE_TESTABILITY = YES;
				GCC_C_LANGUAGE_STANDARD = gnu11;
				GCC_DYNAMIC_NO_PIC = NO;
				GCC_NO_COMMON_BLOCKS = YES;
				GCC_OPTIMIZATION_LEVEL = 0;
				GCC_PREPROCESSOR_DEFINITIONS = (
					"DEBUG=1",
					"$(inherited)",
				);
				GCC_WARN_64_TO_32_BIT_CONVERSION = YES;
				GCC_WARN_ABOUT_RETURN_TYPE = YES_ERROR;
				GCC_WARN_UNDECLARED_SELECTOR = YES;
				GCC_WARN_UNINITIALIZED_AUTOS = YES_AGGRESSIVE;
				GCC_WARN_UNUSED_FUNCTION = YES;
				GCC_WARN_UNUSED_VARIABLE = YES;
				IPHONEOS_DEPLOYMENT_TARGET = 13.4;
				MTL_ENABLE_DEBUG_INFO = INCLUDE_SOURCE;
				MTL_FAST_MATH = YES;
				ONLY_ACTIVE_ARCH = YES;
				SDKROOT = iphoneos;
				SWIFT_ACTIVE_COMPILATION_CONDITIONS = DEBUG;
				SWIFT_OPTIMIZATION_LEVEL = "-Onone";
			};
			name = Debug;
		};
		1B928D3124276F9300D48153 /* Release */ = {
			isa = XCBuildConfiguration;
			buildSettings = {
				ALWAYS_SEARCH_USER_PATHS = NO;
				CLANG_ANALYZER_NONNULL = YES;
				CLANG_ANALYZER_NUMBER_OBJECT_CONVERSION = YES_AGGRESSIVE;
				CLANG_CXX_LANGUAGE_STANDARD = "gnu++14";
				CLANG_CXX_LIBRARY = "libc++";
				CLANG_ENABLE_MODULES = YES;
				CLANG_ENABLE_OBJC_ARC = YES;
				CLANG_ENABLE_OBJC_WEAK = YES;
				CLANG_WARN_BLOCK_CAPTURE_AUTORELEASING = YES;
				CLANG_WARN_BOOL_CONVERSION = YES;
				CLANG_WARN_COMMA = YES;
				CLANG_WARN_CONSTANT_CONVERSION = YES;
				CLANG_WARN_DEPRECATED_OBJC_IMPLEMENTATIONS = YES;
				CLANG_WARN_DIRECT_OBJC_ISA_USAGE = YES_ERROR;
				CLANG_WARN_DOCUMENTATION_COMMENTS = YES;
				CLANG_WARN_EMPTY_BODY = YES;
				CLANG_WARN_ENUM_CONVERSION = YES;
				CLANG_WARN_INFINITE_RECURSION = YES;
				CLANG_WARN_INT_CONVERSION = YES;
				CLANG_WARN_NON_LITERAL_NULL_CONVERSION = YES;
				CLANG_WARN_OBJC_IMPLICIT_RETAIN_SELF = YES;
				CLANG_WARN_OBJC_LITERAL_CONVERSION = YES;
				CLANG_WARN_OBJC_ROOT_CLASS = YES_ERROR;
				CLANG_WARN_QUOTED_INCLUDE_IN_FRAMEWORK_HEADER = YES;
				CLANG_WARN_RANGE_LOOP_ANALYSIS = YES;
				CLANG_WARN_STRICT_PROTOTYPES = YES;
				CLANG_WARN_SUSPICIOUS_MOVE = YES;
				CLANG_WARN_UNGUARDED_AVAILABILITY = YES_AGGRESSIVE;
				CLANG_WARN_UNREACHABLE_CODE = YES;
				CLANG_WARN__DUPLICATE_METHOD_MATCH = YES;
				COPY_PHASE_STRIP = NO;
				DEBUG_INFORMATION_FORMAT = "dwarf-with-dsym";
				ENABLE_NS_ASSERTIONS = NO;
				ENABLE_STRICT_OBJC_MSGSEND = YES;
				GCC_C_LANGUAGE_STANDARD = gnu11;
				GCC_NO_COMMON_BLOCKS = YES;
				GCC_WARN_64_TO_32_BIT_CONVERSION = YES;
				GCC_WARN_ABOUT_RETURN_TYPE = YES_ERROR;
				GCC_WARN_UNDECLARED_SELECTOR = YES;
				GCC_WARN_UNINITIALIZED_AUTOS = YES_AGGRESSIVE;
				GCC_WARN_UNUSED_FUNCTION = YES;
				GCC_WARN_UNUSED_VARIABLE = YES;
				IPHONEOS_DEPLOYMENT_TARGET = 13.4;
				MTL_ENABLE_DEBUG_INFO = NO;
				MTL_FAST_MATH = YES;
				SDKROOT = iphoneos;
				SWIFT_COMPILATION_MODE = wholemodule;
				SWIFT_OPTIMIZATION_LEVEL = "-O";
				VALIDATE_PRODUCT = YES;
			};
			name = Release;
		};
		1B928D3324276F9300D48153 /* Debug */ = {
			isa = XCBuildConfiguration;
			buildSettings = {
				ASSETCATALOG_COMPILER_APPICON_NAME = AppIcon;
				CODE_SIGN_STYLE = Automatic;
				DEVELOPMENT_TEAM = ACWF44DUFK;
				INFOPLIST_FILE = TVLibrary/Info.plist;
				LD_RUNPATH_SEARCH_PATHS = (
					"$(inherited)",
					"@executable_path/Frameworks",
				);
				PRODUCT_BUNDLE_IDENTIFIER = Kari.TVLibrary;
				PRODUCT_NAME = "$(TARGET_NAME)";
				SWIFT_VERSION = 5.0;
				TARGETED_DEVICE_FAMILY = 1;
			};
			name = Debug;
		};
		1B928D3424276F9300D48153 /* Release */ = {
			isa = XCBuildConfiguration;
			buildSettings = {
				ASSETCATALOG_COMPILER_APPICON_NAME = AppIcon;
				CODE_SIGN_STYLE = Automatic;
				DEVELOPMENT_TEAM = ACWF44DUFK;
				INFOPLIST_FILE = TVLibrary/Info.plist;
				LD_RUNPATH_SEARCH_PATHS = (
					"$(inherited)",
					"@executable_path/Frameworks",
				);
				PRODUCT_BUNDLE_IDENTIFIER = Kari.TVLibrary;
				PRODUCT_NAME = "$(TARGET_NAME)";
				SWIFT_VERSION = 5.0;
				TARGETED_DEVICE_FAMILY = 1;
			};
			name = Release;
		};
/* End XCBuildConfiguration section */

/* Begin XCConfigurationList section */
		1B928D1924276F8F00D48153 /* Build configuration list for PBXProject "TVLibrary" */ = {
			isa = XCConfigurationList;
			buildConfigurations = (
				1B928D3024276F9300D48153 /* Debug */,
				1B928D3124276F9300D48153 /* Release */,
			);
			defaultConfigurationIsVisible = 0;
			defaultConfigurationName = Release;
		};
		1B928D3224276F9300D48153 /* Build configuration list for PBXNativeTarget "TVLibrary" */ = {
			isa = XCConfigurationList;
			buildConfigurations = (
				1B928D3324276F9300D48153 /* Debug */,
				1B928D3424276F9300D48153 /* Release */,
			);
			defaultConfigurationIsVisible = 0;
			defaultConfigurationName = Release;
		};
/* End XCConfigurationList section */
	};
	rootObject = 1B928D1624276F8F00D48153 /* Project object */;
}
